
Microsoft Visual Studio Solution File, Format Version 12.00
Project("{FAE04EC0-301F-11D3-BF4B-00C04F79EFBC}") = "LotteryEngine", "LotteryEngine\LotteryEngine.csproj", "{7914382D-60E4-4C3C-B04E-3843527896BB}"
EndProject
Project("{FAE04EC0-301F-11D3-BF4B-00C04F79EFBC}") = "LotteryEngine.Test", "LotteryEngine.Test\LotteryEngine.Test.csproj", "{C20D46EC-1357-4BA5-820E-B5CD8D0DB8AB}"
EndProject
Global
	GlobalSection(SolutionConfigurationPlatforms) = preSolution
		Debug|Any CPU = Debug|Any CPU
		Release|Any CPU = Release|Any CPU
	EndGlobalSection
	GlobalSection(ProjectConfigurationPlatforms) = postSolution
		{7914382D-60E4-4C3C-B04E-3843527896BB}.Debug|Any CPU.ActiveCfg = Debug|Any CPU
		{7914382D-60E4-4C3C-B04E-3843527896BB}.Debug|Any CPU.Build.0 = Debug|Any CPU
		{7914382D-60E4-4C3C-B04E-3843527896BB}.Release|Any CPU.ActiveCfg = Release|Any CPU
		{7914382D-60E4-4C3C-B04E-3843527896BB}.Release|Any CPU.Build.0 = Release|Any CPU
		{C20D46EC-1357-4BA5-820E-B5CD8D0DB8AB}.Debug|Any CPU.ActiveCfg = Debug|Any CPU
		{C20D46EC-1357-4BA5-820E-B5CD8D0DB8AB}.Debug|Any CPU.Build.0 = Debug|Any CPU
		{C20D46EC-1357-4BA5-820E-B5CD8D0DB8AB}.Release|Any CPU.ActiveCfg = Release|Any CPU
		{C20D46EC-1357-4BA5-820E-B5CD8D0DB8AB}.Release|Any CPU.Build.0 = Release|Any CPU
	EndGlobalSection
EndGlobal
